
Microsoft Visual Studio Solution File, Format Version 12.00
# Visual Studio Version 17
VisualStudioVersion = 17.7.34031.279
MinimumVisualStudioVersion = 10.0.40219.1
Project("{9A19103F-16F7-4668-BE54-9A1E7A4F7556}") = "Analyze", "Analyze\Analyze.csproj", "{B4A03B74-B805-4EBB-8C5E-FFD71DE71B52}"
EndProject
Project("{9A19103F-16F7-4668-BE54-9A1E7A4F7556}") = "SharpPcap", "SharpPcap\SharpPcap.csproj", "{3E1ABF85-FB8F-48D2-B853-426EA1CBB783}"
EndProject
Global
	GlobalSection(SolutionConfigurationPlatforms) = preSolution
		Debug|Any CPU = Debug|Any CPU
		Release|Any CPU = Release|Any CPU
	EndGlobalSection
	GlobalSection(ProjectConfigurationPlatforms) = postSolution
		{B4A03B74-B805-4EBB-8C5E-FFD71DE71B52}.Debug|Any CPU.ActiveCfg = Debug|Any CPU
		{B4A03B74-B805-4EBB-8C5E-FFD71DE71B52}.Debug|Any CPU.Build.0 = Debug|Any CPU
		{B4A03B74-B805-4EBB-8C5E-FFD71DE71B52}.Release|Any CPU.ActiveCfg = Release|Any CPU
		{B4A03B74-B805-4EBB-8C5E-FFD71DE71B52}.Release|Any CPU.Build.0 = Release|Any CPU
		{3E1ABF85-FB8F-48D2-B853-426EA1CBB783}.Debug|Any CPU.ActiveCfg = Debug|Any CPU
		{3E1ABF85-FB8F-48D2-B853-426EA1CBB783}.Debug|Any CPU.Build.0 = Debug|Any CPU
		{3E1ABF85-FB8F-48D2-B853-426EA1CBB783}.Release|Any CPU.ActiveCfg = Release|Any CPU
		{3E1ABF85-FB8F-48D2-B853-426EA1CBB783}.Release|Any CPU.Build.0 = Release|Any CPU
	EndGlobalSection
	GlobalSection(SolutionProperties) = preSolution
		HideSolutionNode = FALSE
	EndGlobalSection
	GlobalSection(ExtensibilityGlobals) = postSolution
		SolutionGuid = {F5CBC719-DCF8-4FDB-9494-6265F9DDC19F}
	EndGlobalSection
EndGlobal
