
Microsoft Visual Studio Solution File, Format Version 12.00
# Visual Studio Version 17
VisualStudioVersion = 17.7.34031.279
MinimumVisualStudioVersion = 10.0.40219.1
Project("{2150E333-8FDC-42A3-9474-1A3956D46DE8}") = "data", "data", "{60A39122-CFC7-4CB1-BBB1-922EC6548E17}"
EndProject
Project("{2150E333-8FDC-42A3-9474-1A3956D46DE8}") = "library", "library", "{3EBFB817-E9BC-43D1-A503-DEA8FDC088B3}"
EndProject
Project("{2150E333-8FDC-42A3-9474-1A3956D46DE8}") = "service", "service", "{4F53BCBD-6D75-4768-99ED-B618502E7720}"
EndProject
Project("{2150E333-8FDC-42A3-9474-1A3956D46DE8}") = "toolEditor", "toolEditor", "{A7C44593-EC31-4533-8D32-F8871BBBB420}"
EndProject
Project("{9A19103F-16F7-4668-BE54-9A1E7A4F7556}") = "TouchSocket", "library\TouchSocket\TouchSocket\TouchSocket.csproj", "{7B9DB7FB-0E0C-47E8-ACE6-4EBDAA5FBD24}"
EndProject
Project("{2150E333-8FDC-42A3-9474-1A3956D46DE8}") = "Touch", "Touch", "{AAD54C66-DD43-4122-A74B-30109D0CD2AD}"
EndProject
Project("{9A19103F-16F7-4668-BE54-9A1E7A4F7556}") = "TouchSocket.Core", "library\TouchSocket\TouchSocket.Core\TouchSocket.Core.csproj", "{AC7BE5A4-DB1F-4848-943C-39A8C518F037}"
EndProject
Project("{9A19103F-16F7-4668-BE54-9A1E7A4F7556}") = "GateServer", "service\GateServer\GateServer.csproj", "{0106C73F-3D91-4C9C-8533-D5B679EDB318}"
EndProject
Project("{9A19103F-16F7-4668-BE54-9A1E7A4F7556}") = "GameServer", "service\GameServer\GameServer.csproj", "{50C329E3-0D69-450D-AE6B-3F3588AE2946}"
EndProject
Project("{9A19103F-16F7-4668-BE54-9A1E7A4F7556}") = "LoginServer", "service\LoginServer\LoginServer.csproj", "{30620B70-381D-471F-AE81-2D9D953431E3}"
EndProject
Project("{9A19103F-16F7-4668-BE54-9A1E7A4F7556}") = "WorldServer", "service\WorldServer\WorldServer.csproj", "{506D549B-5262-40A1-8877-ABF8B5A94E88}"
EndProject
Project("{9A19103F-16F7-4668-BE54-9A1E7A4F7556}") = "ExcelDataReader", "library\ExcelDataReader\ExcelDataReader.csproj", "{8FBB9A1B-9706-4E10-B36A-B3921C3F52AA}"
EndProject
Project("{9A19103F-16F7-4668-BE54-9A1E7A4F7556}") = "ExcelDataReader.DataSet", "library\ExcelDataReader.DataSet\ExcelDataReader.DataSet.csproj", "{F22622E6-3828-446D-A688-E99ACB8C6455}"
EndProject
Project("{9A19103F-16F7-4668-BE54-9A1E7A4F7556}") = "SqlHelper", "library\MySqlHelper\SqlHelper.csproj", "{1E870E9A-6DE7-4A9B-9B22-F85BCBFF5094}"
EndProject
Project("{9A19103F-16F7-4668-BE54-9A1E7A4F7556}") = "SharpZipLib", "library\SharpZipLib\SharpZipLib.csproj", "{7192D6D2-8AB2-406D-87C5-82CF8F749B06}"
EndProject
Project("{9A19103F-16F7-4668-BE54-9A1E7A4F7556}") = "sqlite", "library\sqlite-net\sqlite.csproj", "{8EB3DAA1-DF46-4C0D-9147-1D35348FCC31}"
EndProject
Project("{9A19103F-16F7-4668-BE54-9A1E7A4F7556}") = "ThreadPooling", "library\ThreadPooling\ThreadPooling.csproj", "{2A5D9409-0587-4DA2-AAEF-8C120C2B43D5}"
EndProject
Project("{9A19103F-16F7-4668-BE54-9A1E7A4F7556}") = "zlib", "library\zlib-net\zlib.csproj", "{1B0C0FA3-3AE2-44CA-B23E-63C99149F3CE}"
EndProject
Project("{9A19103F-16F7-4668-BE54-9A1E7A4F7556}") = "PacketEditor", "toolEditor\PacketEditor\PacketEditor.csproj", "{1CBD5CF7-1622-4116-A693-C64A70CFA095}"
EndProject
Project("{9A19103F-16F7-4668-BE54-9A1E7A4F7556}") = "Analyze", "toolEditor\Analyze\Analyze\Analyze.csproj", "{44A828B3-3D6D-4728-9ADA-D2EB2A18FFDA}"
EndProject
Project("{9A19103F-16F7-4668-BE54-9A1E7A4F7556}") = "SharpPcap", "toolEditor\Analyze\SharpPcap\SharpPcap.csproj", "{396B279B-5479-4B60-9F57-B03E7DDF8EFD}"
EndProject
Project("{9A19103F-16F7-4668-BE54-9A1E7A4F7556}") = "PcapEditor", "toolEditor\PcapEditor\PcapEditor.csproj", "{BAFDD975-EB77-4A42-A113-C06112003EAA}"
EndProject
Project("{9A19103F-16F7-4668-BE54-9A1E7A4F7556}") = "DbLibrary", "library\DbLibrary\DbLibrary.csproj", "{8367F23C-F7C4-43B2-9D63-BF16E1F9043D}"
EndProject
Project("{9A19103F-16F7-4668-BE54-9A1E7A4F7556}") = "DataReader", "library\DataReader\DataReader.csproj", "{3C233B7B-5FA5-4380-9A3A-3910C4A6BC79}"
EndProject
Project("{9A19103F-16F7-4668-BE54-9A1E7A4F7556}") = "LoggerServer", "service\LoggerServer\LoggerServer.csproj", "{EDCBF8FD-BDED-493A-8838-7FBE4F86C183}"
EndProject
Project("{FAE04EC0-301F-11D3-BF4B-00C04F79EFBC}") = "Terrain", "toolEditor\Terrain\Terrain.csproj", "{C544E02F-6F32-4C2C-9739-BB166D1754F0}"
EndProject
Project("{FAE04EC0-301F-11D3-BF4B-00C04F79EFBC}") = "Utility", "toolEditor\Utility\Utility.csproj", "{93430AF1-C04D-4FA4-B416-3A892945024A}"
EndProject
Global
	GlobalSection(SolutionConfigurationPlatforms) = preSolution
		Debug|Any CPU = Debug|Any CPU
		Release|Any CPU = Release|Any CPU
	EndGlobalSection
	GlobalSection(ProjectConfigurationPlatforms) = postSolution
		{7B9DB7FB-0E0C-47E8-ACE6-4EBDAA5FBD24}.Debug|Any CPU.ActiveCfg = Debug|Any CPU
		{7B9DB7FB-0E0C-47E8-ACE6-4EBDAA5FBD24}.Debug|Any CPU.Build.0 = Debug|Any CPU
		{7B9DB7FB-0E0C-47E8-ACE6-4EBDAA5FBD24}.Release|Any CPU.ActiveCfg = Release|Any CPU
		{7B9DB7FB-0E0C-47E8-ACE6-4EBDAA5FBD24}.Release|Any CPU.Build.0 = Release|Any CPU
		{AC7BE5A4-DB1F-4848-943C-39A8C518F037}.Debug|Any CPU.ActiveCfg = Debug|Any CPU
		{AC7BE5A4-DB1F-4848-943C-39A8C518F037}.Debug|Any CPU.Build.0 = Debug|Any CPU
		{AC7BE5A4-DB1F-4848-943C-39A8C518F037}.Release|Any CPU.ActiveCfg = Release|Any CPU
		{AC7BE5A4-DB1F-4848-943C-39A8C518F037}.Release|Any CPU.Build.0 = Release|Any CPU
		{0106C73F-3D91-4C9C-8533-D5B679EDB318}.Debug|Any CPU.ActiveCfg = Debug|Any CPU
		{0106C73F-3D91-4C9C-8533-D5B679EDB318}.Debug|Any CPU.Build.0 = Debug|Any CPU
		{0106C73F-3D91-4C9C-8533-D5B679EDB318}.Release|Any CPU.ActiveCfg = Release|Any CPU
		{0106C73F-3D91-4C9C-8533-D5B679EDB318}.Release|Any CPU.Build.0 = Release|Any CPU
		{50C329E3-0D69-450D-AE6B-3F3588AE2946}.Debug|Any CPU.ActiveCfg = Debug|Any CPU
		{50C329E3-0D69-450D-AE6B-3F3588AE2946}.Debug|Any CPU.Build.0 = Debug|Any CPU
		{50C329E3-0D69-450D-AE6B-3F3588AE2946}.Release|Any CPU.ActiveCfg = Release|Any CPU
		{50C329E3-0D69-450D-AE6B-3F3588AE2946}.Release|Any CPU.Build.0 = Release|Any CPU
		{30620B70-381D-471F-AE81-2D9D953431E3}.Debug|Any CPU.ActiveCfg = Debug|Any CPU
		{30620B70-381D-471F-AE81-2D9D953431E3}.Debug|Any CPU.Build.0 = Debug|Any CPU
		{30620B70-381D-471F-AE81-2D9D953431E3}.Release|Any CPU.ActiveCfg = Release|Any CPU
		{30620B70-381D-471F-AE81-2D9D953431E3}.Release|Any CPU.Build.0 = Release|Any CPU
		{506D549B-5262-40A1-8877-ABF8B5A94E88}.Debug|Any CPU.ActiveCfg = Debug|Any CPU
		{506D549B-5262-40A1-8877-ABF8B5A94E88}.Debug|Any CPU.Build.0 = Debug|Any CPU
		{506D549B-5262-40A1-8877-ABF8B5A94E88}.Release|Any CPU.ActiveCfg = Release|Any CPU
		{506D549B-5262-40A1-8877-ABF8B5A94E88}.Release|Any CPU.Build.0 = Release|Any CPU
		{8FBB9A1B-9706-4E10-B36A-B3921C3F52AA}.Debug|Any CPU.ActiveCfg = Debug|Any CPU
		{8FBB9A1B-9706-4E10-B36A-B3921C3F52AA}.Debug|Any CPU.Build.0 = Debug|Any CPU
		{8FBB9A1B-9706-4E10-B36A-B3921C3F52AA}.Release|Any CPU.ActiveCfg = Release|Any CPU
		{8FBB9A1B-9706-4E10-B36A-B3921C3F52AA}.Release|Any CPU.Build.0 = Release|Any CPU
		{F22622E6-3828-446D-A688-E99ACB8C6455}.Debug|Any CPU.ActiveCfg = Debug|Any CPU
		{F22622E6-3828-446D-A688-E99ACB8C6455}.Debug|Any CPU.Build.0 = Debug|Any CPU
		{F22622E6-3828-446D-A688-E99ACB8C6455}.Release|Any CPU.ActiveCfg = Release|Any CPU
		{F22622E6-3828-446D-A688-E99ACB8C6455}.Release|Any CPU.Build.0 = Release|Any CPU
		{1E870E9A-6DE7-4A9B-9B22-F85BCBFF5094}.Debug|Any CPU.ActiveCfg = Debug|Any CPU
		{1E870E9A-6DE7-4A9B-9B22-F85BCBFF5094}.Debug|Any CPU.Build.0 = Debug|Any CPU
		{1E870E9A-6DE7-4A9B-9B22-F85BCBFF5094}.Release|Any CPU.ActiveCfg = Release|Any CPU
		{1E870E9A-6DE7-4A9B-9B22-F85BCBFF5094}.Release|Any CPU.Build.0 = Release|Any CPU
		{7192D6D2-8AB2-406D-87C5-82CF8F749B06}.Debug|Any CPU.ActiveCfg = Debug|Any CPU
		{7192D6D2-8AB2-406D-87C5-82CF8F749B06}.Debug|Any CPU.Build.0 = Debug|Any CPU
		{7192D6D2-8AB2-406D-87C5-82CF8F749B06}.Release|Any CPU.ActiveCfg = Release|Any CPU
		{7192D6D2-8AB2-406D-87C5-82CF8F749B06}.Release|Any CPU.Build.0 = Release|Any CPU
		{8EB3DAA1-DF46-4C0D-9147-1D35348FCC31}.Debug|Any CPU.ActiveCfg = Debug|Any CPU
		{8EB3DAA1-DF46-4C0D-9147-1D35348FCC31}.Debug|Any CPU.Build.0 = Debug|Any CPU
		{8EB3DAA1-DF46-4C0D-9147-1D35348FCC31}.Release|Any CPU.ActiveCfg = Release|Any CPU
		{8EB3DAA1-DF46-4C0D-9147-1D35348FCC31}.Release|Any CPU.Build.0 = Release|Any CPU
		{2A5D9409-0587-4DA2-AAEF-8C120C2B43D5}.Debug|Any CPU.ActiveCfg = Debug|Any CPU
		{2A5D9409-0587-4DA2-AAEF-8C120C2B43D5}.Debug|Any CPU.Build.0 = Debug|Any CPU
		{2A5D9409-0587-4DA2-AAEF-8C120C2B43D5}.Release|Any CPU.ActiveCfg = Release|Any CPU
		{2A5D9409-0587-4DA2-AAEF-8C120C2B43D5}.Release|Any CPU.Build.0 = Release|Any CPU
		{1B0C0FA3-3AE2-44CA-B23E-63C99149F3CE}.Debug|Any CPU.ActiveCfg = Debug|Any CPU
		{1B0C0FA3-3AE2-44CA-B23E-63C99149F3CE}.Debug|Any CPU.Build.0 = Debug|Any CPU
		{1B0C0FA3-3AE2-44CA-B23E-63C99149F3CE}.Release|Any CPU.ActiveCfg = Release|Any CPU
		{1B0C0FA3-3AE2-44CA-B23E-63C99149F3CE}.Release|Any CPU.Build.0 = Release|Any CPU
		{1CBD5CF7-1622-4116-A693-C64A70CFA095}.Debug|Any CPU.ActiveCfg = Debug|Any CPU
		{1CBD5CF7-1622-4116-A693-C64A70CFA095}.Debug|Any CPU.Build.0 = Debug|Any CPU
		{1CBD5CF7-1622-4116-A693-C64A70CFA095}.Release|Any CPU.ActiveCfg = Release|Any CPU
		{1CBD5CF7-1622-4116-A693-C64A70CFA095}.Release|Any CPU.Build.0 = Release|Any CPU
		{44A828B3-3D6D-4728-9ADA-D2EB2A18FFDA}.Debug|Any CPU.ActiveCfg = Debug|Any CPU
		{44A828B3-3D6D-4728-9ADA-D2EB2A18FFDA}.Debug|Any CPU.Build.0 = Debug|Any CPU
		{44A828B3-3D6D-4728-9ADA-D2EB2A18FFDA}.Release|Any CPU.ActiveCfg = Release|Any CPU
		{44A828B3-3D6D-4728-9ADA-D2EB2A18FFDA}.Release|Any CPU.Build.0 = Release|Any CPU
		{396B279B-5479-4B60-9F57-B03E7DDF8EFD}.Debug|Any CPU.ActiveCfg = Debug|Any CPU
		{396B279B-5479-4B60-9F57-B03E7DDF8EFD}.Debug|Any CPU.Build.0 = Debug|Any CPU
		{396B279B-5479-4B60-9F57-B03E7DDF8EFD}.Release|Any CPU.ActiveCfg = Release|Any CPU
		{396B279B-5479-4B60-9F57-B03E7DDF8EFD}.Release|Any CPU.Build.0 = Release|Any CPU
		{BAFDD975-EB77-4A42-A113-C06112003EAA}.Debug|Any CPU.ActiveCfg = Debug|Any CPU
		{BAFDD975-EB77-4A42-A113-C06112003EAA}.Debug|Any CPU.Build.0 = Debug|Any CPU
		{BAFDD975-EB77-4A42-A113-C06112003EAA}.Release|Any CPU.ActiveCfg = Release|Any CPU
		{BAFDD975-EB77-4A42-A113-C06112003EAA}.Release|Any CPU.Build.0 = Release|Any CPU
		{8367F23C-F7C4-43B2-9D63-BF16E1F9043D}.Debug|Any CPU.ActiveCfg = Debug|Any CPU
		{8367F23C-F7C4-43B2-9D63-BF16E1F9043D}.Debug|Any CPU.Build.0 = Debug|Any CPU
		{8367F23C-F7C4-43B2-9D63-BF16E1F9043D}.Release|Any CPU.ActiveCfg = Release|Any CPU
		{8367F23C-F7C4-43B2-9D63-BF16E1F9043D}.Release|Any CPU.Build.0 = Release|Any CPU
		{3C233B7B-5FA5-4380-9A3A-3910C4A6BC79}.Debug|Any CPU.ActiveCfg = Debug|Any CPU
		{3C233B7B-5FA5-4380-9A3A-3910C4A6BC79}.Debug|Any CPU.Build.0 = Debug|Any CPU
		{3C233B7B-5FA5-4380-9A3A-3910C4A6BC79}.Release|Any CPU.ActiveCfg = Release|Any CPU
		{3C233B7B-5FA5-4380-9A3A-3910C4A6BC79}.Release|Any CPU.Build.0 = Release|Any CPU
		{EDCBF8FD-BDED-493A-8838-7FBE4F86C183}.Debug|Any CPU.ActiveCfg = Debug|Any CPU
		{EDCBF8FD-BDED-493A-8838-7FBE4F86C183}.Debug|Any CPU.Build.0 = Debug|Any CPU
		{EDCBF8FD-BDED-493A-8838-7FBE4F86C183}.Release|Any CPU.ActiveCfg = Release|Any CPU
		{EDCBF8FD-BDED-493A-8838-7FBE4F86C183}.Release|Any CPU.Build.0 = Release|Any CPU
		{C544E02F-6F32-4C2C-9739-BB166D1754F0}.Debug|Any CPU.ActiveCfg = Debug|Any CPU
		{C544E02F-6F32-4C2C-9739-BB166D1754F0}.Debug|Any CPU.Build.0 = Debug|Any CPU
		{C544E02F-6F32-4C2C-9739-BB166D1754F0}.Release|Any CPU.ActiveCfg = Release|Any CPU
		{C544E02F-6F32-4C2C-9739-BB166D1754F0}.Release|Any CPU.Build.0 = Release|Any CPU
		{93430AF1-C04D-4FA4-B416-3A892945024A}.Debug|Any CPU.ActiveCfg = Debug|Any CPU
		{93430AF1-C04D-4FA4-B416-3A892945024A}.Debug|Any CPU.Build.0 = Debug|Any CPU
		{93430AF1-C04D-4FA4-B416-3A892945024A}.Release|Any CPU.ActiveCfg = Release|Any CPU
		{93430AF1-C04D-4FA4-B416-3A892945024A}.Release|Any CPU.Build.0 = Release|Any CPU
	EndGlobalSection
	GlobalSection(SolutionProperties) = preSolution
		HideSolutionNode = FALSE
	EndGlobalSection
	GlobalSection(NestedProjects) = preSolution
		{7B9DB7FB-0E0C-47E8-ACE6-4EBDAA5FBD24} = {AAD54C66-DD43-4122-A74B-30109D0CD2AD}
		{AAD54C66-DD43-4122-A74B-30109D0CD2AD} = {3EBFB817-E9BC-43D1-A503-DEA8FDC088B3}
		{AC7BE5A4-DB1F-4848-943C-39A8C518F037} = {AAD54C66-DD43-4122-A74B-30109D0CD2AD}
		{0106C73F-3D91-4C9C-8533-D5B679EDB318} = {4F53BCBD-6D75-4768-99ED-B618502E7720}
		{50C329E3-0D69-450D-AE6B-3F3588AE2946} = {4F53BCBD-6D75-4768-99ED-B618502E7720}
		{30620B70-381D-471F-AE81-2D9D953431E3} = {4F53BCBD-6D75-4768-99ED-B618502E7720}
		{506D549B-5262-40A1-8877-ABF8B5A94E88} = {4F53BCBD-6D75-4768-99ED-B618502E7720}
		{8FBB9A1B-9706-4E10-B36A-B3921C3F52AA} = {3EBFB817-E9BC-43D1-A503-DEA8FDC088B3}
		{F22622E6-3828-446D-A688-E99ACB8C6455} = {3EBFB817-E9BC-43D1-A503-DEA8FDC088B3}
		{1E870E9A-6DE7-4A9B-9B22-F85BCBFF5094} = {3EBFB817-E9BC-43D1-A503-DEA8FDC088B3}
		{7192D6D2-8AB2-406D-87C5-82CF8F749B06} = {3EBFB817-E9BC-43D1-A503-DEA8FDC088B3}
		{8EB3DAA1-DF46-4C0D-9147-1D35348FCC31} = {3EBFB817-E9BC-43D1-A503-DEA8FDC088B3}
		{2A5D9409-0587-4DA2-AAEF-8C120C2B43D5} = {3EBFB817-E9BC-43D1-A503-DEA8FDC088B3}
		{1B0C0FA3-3AE2-44CA-B23E-63C99149F3CE} = {3EBFB817-E9BC-43D1-A503-DEA8FDC088B3}
		{1CBD5CF7-1622-4116-A693-C64A70CFA095} = {A7C44593-EC31-4533-8D32-F8871BBBB420}
		{44A828B3-3D6D-4728-9ADA-D2EB2A18FFDA} = {A7C44593-EC31-4533-8D32-F8871BBBB420}
		{396B279B-5479-4B60-9F57-B03E7DDF8EFD} = {3EBFB817-E9BC-43D1-A503-DEA8FDC088B3}
		{BAFDD975-EB77-4A42-A113-C06112003EAA} = {A7C44593-EC31-4533-8D32-F8871BBBB420}
		{8367F23C-F7C4-43B2-9D63-BF16E1F9043D} = {3EBFB817-E9BC-43D1-A503-DEA8FDC088B3}
		{3C233B7B-5FA5-4380-9A3A-3910C4A6BC79} = {3EBFB817-E9BC-43D1-A503-DEA8FDC088B3}
		{EDCBF8FD-BDED-493A-8838-7FBE4F86C183} = {4F53BCBD-6D75-4768-99ED-B618502E7720}
		{C544E02F-6F32-4C2C-9739-BB166D1754F0} = {A7C44593-EC31-4533-8D32-F8871BBBB420}
		{93430AF1-C04D-4FA4-B416-3A892945024A} = {A7C44593-EC31-4533-8D32-F8871BBBB420}
	EndGlobalSection
	GlobalSection(ExtensibilityGlobals) = postSolution
		SolutionGuid = {EC6FFC6E-F309-40DD-8FA3-8586E8BAAFF9}
	EndGlobalSection
EndGlobal
