
Microsoft Visual Studio Solution File, Format Version 12.00
# Visual Studio Version 17
VisualStudioVersion = 17.7.34031.279
MinimumVisualStudioVersion = 10.0.40219.1
Project("{2150E333-8FDC-42A3-9474-1A3956D46DE8}") = "data", "data", "{60A39122-CFC7-4CB1-BBB1-922EC6548E17}"
EndProject
Project("{2150E333-8FDC-42A3-9474-1A3956D46DE8}") = "library", "library", "{3EBFB817-E9BC-43D1-A503-DEA8FDC088B3}"
EndProject
Project("{2150E333-8FDC-42A3-9474-1A3956D46DE8}") = "service", "service", "{4F53BCBD-6D75-4768-99ED-B618502E7720}"
EndProject
Project("{2150E333-8FDC-42A3-9474-1A3956D46DE8}") = "toolEditor", "toolEditor", "{A7C44593-EC31-4533-8D32-F8871BBBB420}"
EndProject
Project("{9A19103F-16F7-4668-BE54-9A1E7A4F7556}") = "TouchSocket", "library\TouchSocket\TouchSocket\TouchSocket.csproj", "{7B9DB7FB-0E0C-47E8-ACE6-4EBDAA5FBD24}"
EndProject
Project("{2150E333-8FDC-42A3-9474-1A3956D46DE8}") = "Touch", "Touch", "{AAD54C66-DD43-4122-A74B-30109D0CD2AD}"
EndProject
Project("{9A19103F-16F7-4668-BE54-9A1E7A4F7556}") = "TouchSocket.Core", "library\TouchSocket\TouchSocket.Core\TouchSocket.Core.csproj", "{AC7BE5A4-DB1F-4848-943C-39A8C518F037}"
EndProject
Project("{FAE04EC0-301F-11D3-BF4B-00C04F79EFBC}") = "GateServer", "service\GateServer\GateServer.csproj", "{0106C73F-3D91-4C9C-8533-D5B679EDB318}"
EndProject
Project("{FAE04EC0-301F-11D3-BF4B-00C04F79EFBC}") = "GameServer", "service\GameServer\GameServer.csproj", "{50C329E3-0D69-450D-AE6B-3F3588AE2946}"
EndProject
Project("{9A19103F-16F7-4668-BE54-9A1E7A4F7556}") = "LoginServer", "service\LoginServer\LoginServer.csproj", "{30620B70-381D-471F-AE81-2D9D953431E3}"
EndProject
Project("{FAE04EC0-301F-11D3-BF4B-00C04F79EFBC}") = "WorldServer", "service\WorldServer\WorldServer.csproj", "{506D549B-5262-40A1-8877-ABF8B5A94E88}"
EndProject
Global
	GlobalSection(SolutionConfigurationPlatforms) = preSolution
		Debug|Any CPU = Debug|Any CPU
		Release|Any CPU = Release|Any CPU
	EndGlobalSection
	GlobalSection(ProjectConfigurationPlatforms) = postSolution
		{7B9DB7FB-0E0C-47E8-ACE6-4EBDAA5FBD24}.Debug|Any CPU.ActiveCfg = Debug|Any CPU
		{7B9DB7FB-0E0C-47E8-ACE6-4EBDAA5FBD24}.Debug|Any CPU.Build.0 = Debug|Any CPU
		{7B9DB7FB-0E0C-47E8-ACE6-4EBDAA5FBD24}.Release|Any CPU.ActiveCfg = Release|Any CPU
		{7B9DB7FB-0E0C-47E8-ACE6-4EBDAA5FBD24}.Release|Any CPU.Build.0 = Release|Any CPU
		{AC7BE5A4-DB1F-4848-943C-39A8C518F037}.Debug|Any CPU.ActiveCfg = Debug|Any CPU
		{AC7BE5A4-DB1F-4848-943C-39A8C518F037}.Debug|Any CPU.Build.0 = Debug|Any CPU
		{AC7BE5A4-DB1F-4848-943C-39A8C518F037}.Release|Any CPU.ActiveCfg = Release|Any CPU
		{AC7BE5A4-DB1F-4848-943C-39A8C518F037}.Release|Any CPU.Build.0 = Release|Any CPU
		{0106C73F-3D91-4C9C-8533-D5B679EDB318}.Debug|Any CPU.ActiveCfg = Debug|Any CPU
		{0106C73F-3D91-4C9C-8533-D5B679EDB318}.Debug|Any CPU.Build.0 = Debug|Any CPU
		{0106C73F-3D91-4C9C-8533-D5B679EDB318}.Release|Any CPU.ActiveCfg = Release|Any CPU
		{0106C73F-3D91-4C9C-8533-D5B679EDB318}.Release|Any CPU.Build.0 = Release|Any CPU
		{50C329E3-0D69-450D-AE6B-3F3588AE2946}.Debug|Any CPU.ActiveCfg = Debug|Any CPU
		{50C329E3-0D69-450D-AE6B-3F3588AE2946}.Debug|Any CPU.Build.0 = Debug|Any CPU
		{50C329E3-0D69-450D-AE6B-3F3588AE2946}.Release|Any CPU.ActiveCfg = Release|Any CPU
		{50C329E3-0D69-450D-AE6B-3F3588AE2946}.Release|Any CPU.Build.0 = Release|Any CPU
		{30620B70-381D-471F-AE81-2D9D953431E3}.Debug|Any CPU.ActiveCfg = Debug|Any CPU
		{30620B70-381D-471F-AE81-2D9D953431E3}.Debug|Any CPU.Build.0 = Debug|Any CPU
		{30620B70-381D-471F-AE81-2D9D953431E3}.Release|Any CPU.ActiveCfg = Release|Any CPU
		{30620B70-381D-471F-AE81-2D9D953431E3}.Release|Any CPU.Build.0 = Release|Any CPU
		{506D549B-5262-40A1-8877-ABF8B5A94E88}.Debug|Any CPU.ActiveCfg = Debug|Any CPU
		{506D549B-5262-40A1-8877-ABF8B5A94E88}.Debug|Any CPU.Build.0 = Debug|Any CPU
		{506D549B-5262-40A1-8877-ABF8B5A94E88}.Release|Any CPU.ActiveCfg = Release|Any CPU
		{506D549B-5262-40A1-8877-ABF8B5A94E88}.Release|Any CPU.Build.0 = Release|Any CPU
	EndGlobalSection
	GlobalSection(SolutionProperties) = preSolution
		HideSolutionNode = FALSE
	EndGlobalSection
	GlobalSection(NestedProjects) = preSolution
		{7B9DB7FB-0E0C-47E8-ACE6-4EBDAA5FBD24} = {AAD54C66-DD43-4122-A74B-30109D0CD2AD}
		{AAD54C66-DD43-4122-A74B-30109D0CD2AD} = {3EBFB817-E9BC-43D1-A503-DEA8FDC088B3}
		{AC7BE5A4-DB1F-4848-943C-39A8C518F037} = {AAD54C66-DD43-4122-A74B-30109D0CD2AD}
		{0106C73F-3D91-4C9C-8533-D5B679EDB318} = {4F53BCBD-6D75-4768-99ED-B618502E7720}
		{50C329E3-0D69-450D-AE6B-3F3588AE2946} = {4F53BCBD-6D75-4768-99ED-B618502E7720}
		{30620B70-381D-471F-AE81-2D9D953431E3} = {4F53BCBD-6D75-4768-99ED-B618502E7720}
		{506D549B-5262-40A1-8877-ABF8B5A94E88} = {4F53BCBD-6D75-4768-99ED-B618502E7720}
	EndGlobalSection
	GlobalSection(ExtensibilityGlobals) = postSolution
		SolutionGuid = {EC6FFC6E-F309-40DD-8FA3-8586E8BAAFF9}
	EndGlobalSection
EndGlobal
